lockfileVersion: '9.0'

settings:
  autoInstallPeers: true
  excludeLinksFromLockfile: false

patchedDependencies:
  '@github/copilot-sdk@0.1.32':
    hash: fda37620d052aa4a96436b0f7fd4964ce7d4826142f09352daf1a2e59226e6e3
    path: patches/@github__copilot-sdk@0.1.32.patch

importers:

  .:
    dependencies:
      '@github/copilot-sdk':
        specifier: ^0.1.32
        version: 0.1.32(patch_hash=fda37620d052aa4a96436b0f7fd4964ce7d4826142f09352daf1a2e59226e6e3)
      pino:
        specifier: ^10.3.1
        version: 10.3.1
      zod:
        specifier: ^4.3.6
        version: 4.3.6
    devDependencies:
      '@biomejs/biome':
        specifier: 2.4.7
        version: 2.4.7
      '@types/node':
        specifier: ^24.12.0
        version: 24.12.0
      pino-pretty:
        specifier: ^13.1.3
        version: 13.1.3
      typescript:
        specifier: ^5.9.3
        version: 5.9.3

packages:

  '@biomejs/biome@2.4.7':
    resolution: {integrity: sha512-vXrgcmNGZ4lpdwZSpMf1hWw1aWS6B+SyeSYKTLrNsiUsAdSRN0J4d/7mF3ogJFbIwFFSOL3wT92Zzxia/d5/ng==}
    engines: {node: '>=14.21.3'}
    hasBin: true

  '@biomejs/cli-darwin-arm64@2.4.7':
    resolution: {integrity: sha512-Oo0cF5mHzmvDmTXw8XSjhCia8K6YrZnk7aCS54+/HxyMdZMruMO3nfpDsrlar/EQWe41r1qrwKiCa2QDYHDzWA==}
    engines: {node: '>=14.21.3'}
    cpu: [arm64]
    os: [darwin]

  '@biomejs/cli-darwin-x64@2.4.7':
    resolution: {integrity: sha512-I+cOG3sd/7HdFtvDSnF9QQPrWguUH7zrkIMMykM3PtfWU9soTcS2yRb9Myq6MHmzbeCT08D1UmY+BaiMl5CcoQ==}
    engines: {node: '>=14.21.3'}
    cpu: [x64]
    os: [darwin]

  '@biomejs/cli-linux-arm64-musl@2.4.7':
    resolution: {integrity: sha512-I2NvM9KPb09jWml93O2/5WMfNR7Lee5Latag1JThDRMURVhPX74p9UDnyTw3Ae6cE1DgXfw7sqQgX7rkvpc0vw==}
    engines: {node: '>=14.21.3'}
    cpu: [arm64]
    os: [linux]
    libc: [musl]

  '@biomejs/cli-linux-arm64@2.4.7':
    resolution: {integrity: sha512-om6FugwmibzfP/6ALj5WRDVSND4H2G9X0nkI1HZpp2ySf9lW2j0X68oQSaHEnls6666oy4KDsc5RFjT4m0kV0w==}
    engines: {node: '>=14.21.3'}
    cpu: [arm64]
    os: [linux]
    libc: [glibc]

  '@biomejs/cli-linux-x64-musl@2.4.7':
    resolution: {integrity: sha512-00kx4YrBMU8374zd2wHuRV5wseh0rom5HqRND+vDldJPrWwQw+mzd/d8byI9hPx926CG+vWzq6AeiT7Yi5y59g==}
    engines: {node: '>=14.21.3'}
    cpu: [x64]
    os: [linux]
    libc: [musl]

  '@biomejs/cli-linux-x64@2.4.7':
    resolution: {integrity: sha512-bV8/uo2Tj+gumnk4sUdkerWyCPRabaZdv88IpbmDWARQQoA/Q0YaqPz1a+LSEDIL7OfrnPi9Hq1Llz4ZIGyIQQ==}
    engines: {node: '>=14.21.3'}
    cpu: [x64]
    os: [linux]
    libc: [glibc]

  '@biomejs/cli-win32-arm64@2.4.7':
    resolution: {integrity: sha512-hOUHBMlFCvDhu3WCq6vaBoG0dp0LkWxSEnEEsxxXvOa9TfT6ZBnbh72A/xBM7CBYB7WgwqboetzFEVDnMxelyw==}
    engines: {node: '>=14.21.3'}
    cpu: [arm64]
    os: [win32]

  '@biomejs/cli-win32-x64@2.4.7':
    resolution: {integrity: sha512-qEpGjSkPC3qX4ycbMUthXvi9CkRq7kZpkqMY1OyhmYlYLnANnooDQ7hDerM8+0NJ+DZKVnsIc07h30XOpt7LtQ==}
    engines: {node: '>=14.21.3'}
    cpu: [x64]
    os: [win32]

  '@github/copilot-darwin-arm64@1.0.5':
    resolution: {integrity: sha512-XBwo8t5higPXzCvXVYkADImixt9k8P2XsflWup2b86x9KtcssYTcfEWWIg42AOCe8J/OJRJN2MMTQuWt5aeK9w==}
    cpu: [arm64]
    os: [darwin]
    hasBin: true

  '@github/copilot-darwin-x64@1.0.5':
    resolution: {integrity: sha512-zUlMEKct5oPk/ImnYKz+fUjI9xfIwRE2/WI8BrpuDDe16aFDW2Co/6WFFr5rgYcXoGX2Jm8HT563UUxaFbnnOA==}
    cpu: [x64]
    os: [darwin]
    hasBin: true

  '@github/copilot-linux-arm64@1.0.5':
    resolution: {integrity: sha512-Rp5Key6IBcm00K3+yc8rga3IXaJKN7mwYtP/mpkCKaJJp7izpJK7Z7Dr1slb63Z3yCAyPwMeYlE+adFCwlnYUA==}
    cpu: [arm64]
    os: [linux]
    hasBin: true

  '@github/copilot-linux-x64@1.0.5':
    resolution: {integrity: sha512-ZEKOi57SUo3Ds2ZeYkIkHJ9MJA0Im1i04i0vdAPKH5Xibb2AC6I2EHO2dU/MWwqIeXoK5QDRh0r0Gs+BkHA/dg==}
    cpu: [x64]
    os: [linux]
    hasBin: true

  '@github/copilot-sdk@0.1.32':
    resolution: {integrity: sha512-mPWM0fw1Gqc/SW8nl45K8abrFH+92fO7y6tRtRl5imjS5hGapLf/dkX5WDrgPtlsflD0c41lFXVUri5NVJwtoA==}
    engines: {node: '>=20.0.0'}

  '@github/copilot-win32-arm64@1.0.5':
    resolution: {integrity: sha512-pkhuKJZ1AcRAkVS2OO4BEBfMovGSuGWem4isBq+cgRDtuXRfRiZuc88Z9WcrtDCCwpdLx9rSYPVSWQG5fvupPQ==}
    cpu: [arm64]
    os: [win32]
    hasBin: true

  '@github/copilot-win32-x64@1.0.5':
    resolution: {integrity: sha512-x6PWG80uCuCI+IgCLD1fnBJtfuf9nMBzJwOcMlFwjRtHduV/V9OOW3c89ooGwh/lRhCatAP5GxZGTyC7AJR3kQ==}
    cpu: [x64]
    os: [win32]
    hasBin: true

  '@github/copilot@1.0.5':
    resolution: {integrity: sha512-lQGN1/qw7gJRT+lSW1U79Ltrf9rkF6UP8FcEb0hGEf9hq0K8/MaulzK+iDtH/gwXYweFXID29E3QlwSqbdsHqQ==}
    hasBin: true

  '@pinojs/redact@0.4.0':
    resolution: {integrity: sha512-k2ENnmBugE/rzQfEcdWHcCY+/FM3VLzH9cYEsbdsoqrvzAKRhUZeRNhAZvB8OitQJ1TBed3yqWtdjzS6wJKBwg==}

  '@types/node@24.12.0':
    resolution: {integrity: sha512-GYDxsZi3ChgmckRT9HPU0WEhKLP08ev/Yfcq2AstjrDASOYCSXeyjDsHg4v5t4jOj7cyDX3vmprafKlWIG9MXQ==}

  atomic-sleep@1.0.0:
    resolution: {integrity: sha512-kNOjDqAh7px0XWNI+4QbzoiR/nTkHAWNud2uvnJquD1/x5a7EQZMJT0AczqK0Qn67oY/TTQ1LbUKajZpp3I9tQ==}
    engines: {node: '>=8.0.0'}

  colorette@2.0.20:
    resolution: {integrity: sha512-IfEDxwoWIjkeXL1eXcDiow4UbKjhLdq6/EuSVR9GMN7KVH3r9gQ83e73hsz1Nd1T3ijd5xv1wcWRYO+D6kCI2w==}

  dateformat@4.6.3:
    resolution: {integrity: sha512-2P0p0pFGzHS5EMnhdxQi7aJN+iMheud0UhG4dlE1DLAlvL8JHjJJTX/CSm4JXwV0Ka5nGk3zC5mcb5bUQUxxMA==}

  end-of-stream@1.4.5:
    resolution: {integrity: sha512-ooEGc6HP26xXq/N+GCGOT0JKCLDGrq2bQUZrQ7gyrJiZANJ/8YDTxTpQBXGMn+WbIQXNVpyWymm7KYVICQnyOg==}

  fast-copy@4.0.2:
    resolution: {integrity: sha512-ybA6PDXIXOXivLJK/z9e+Otk7ve13I4ckBvGO5I2RRmBU1gMHLVDJYEuJYhGwez7YNlYji2M2DvVU+a9mSFDlw==}

  fast-safe-stringify@2.1.1:
    resolution: {integrity: sha512-W+KJc2dmILlPplD/H4K9l9LcAHAfPtP6BY84uVLXQ6Evcz9Lcg33Y2z1IVblT6xdY54PXYVHEv+0Wpq8Io6zkA==}

  help-me@5.0.0:
    resolution: {integrity: sha512-7xgomUX6ADmcYzFik0HzAxh/73YlKR9bmFzf51CZwR+b6YtzU2m0u49hQCqV6SvlqIqsaxovfwdvbnsw3b/zpg==}

  joycon@3.1.1:
    resolution: {integrity: sha512-34wB/Y7MW7bzjKRjUKTa46I2Z7eV62Rkhva+KkopW7Qvv/OSWBqvkSY7vusOPrNuZcUG3tApvdVgNB8POj3SPw==}
    engines: {node: '>=10'}

  minimist@1.2.8:
    resolution: {integrity: sha512-2yyAR8qBkN3YuheJanUpWC5U3bb5osDywNB8RzDVlDwDHbocAJveqqj1u8+SVD7jkWT4yvsHCpWqqWqAxb0zCA==}

  on-exit-leak-free@2.1.2:
    resolution: {integrity: sha512-0eJJY6hXLGf1udHwfNftBqH+g73EU4B504nZeKpz1sYRKafAghwxEJunB2O7rDZkL4PGfsMVnTXZ2EjibbqcsA==}
    engines: {node: '>=14.0.0'}

  once@1.4.0:
    resolution: {integrity: sha512-lNaJgI+2Q5URQBkccEKHTQOPaXdUxnZZElQTZY0MFUAuaEqe1E+Nyvgdz/aIyNi6Z9MzO5dv1H8n58/GELp3+w==}

  pino-abstract-transport@3.0.0:
    resolution: {integrity: sha512-wlfUczU+n7Hy/Ha5j9a/gZNy7We5+cXp8YL+X+PG8S0KXxw7n/JXA3c46Y0zQznIJ83URJiwy7Lh56WLokNuxg==}

  pino-pretty@13.1.3:
    resolution: {integrity: sha512-ttXRkkOz6WWC95KeY9+xxWL6AtImwbyMHrL1mSwqwW9u+vLp/WIElvHvCSDg0xO/Dzrggz1zv3rN5ovTRVowKg==}
    hasBin: true

  pino-std-serializers@7.1.0:
    resolution: {integrity: sha512-BndPH67/JxGExRgiX1dX0w1FvZck5Wa4aal9198SrRhZjH3GxKQUKIBnYJTdj2HDN3UQAS06HlfcSbQj2OHmaw==}

  pino@10.3.1:
    resolution: {integrity: sha512-r34yH/GlQpKZbU1BvFFqOjhISRo1MNx1tWYsYvmj6KIRHSPMT2+yHOEb1SG6NMvRoHRF0a07kCOox/9yakl1vg==}
    hasBin: true

  process-warning@5.0.0:
    resolution: {integrity: sha512-a39t9ApHNx2L4+HBnQKqxxHNs1r7KF+Intd8Q/g1bUh6q0WIp9voPXJ/x0j+ZL45KF1pJd9+q2jLIRMfvEshkA==}

  pump@3.0.4:
    resolution: {integrity: sha512-VS7sjc6KR7e1ukRFhQSY5LM2uBWAUPiOPa/A3mkKmiMwSmRFUITt0xuj+/lesgnCv+dPIEYlkzrcyXgquIHMcA==}

  quick-format-unescaped@4.0.4:
    resolution: {integrity: sha512-tYC1Q1hgyRuHgloV/YXs2w15unPVh8qfu/qCTfhTYamaw7fyhumKa2yGpdSo87vY32rIclj+4fWYQXUMs9EHvg==}

  real-require@0.2.0:
    resolution: {integrity: sha512-57frrGM/OCTLqLOAh0mhVA9VBMHd+9U7Zb2THMGdBUoZVOtGbJzjxsYGDJ3A9AYYCP4hn6y1TVbaOfzWtm5GFg==}
    engines: {node: '>= 12.13.0'}

  safe-stable-stringify@2.5.0:
    resolution: {integrity: sha512-b3rppTKm9T+PsVCBEOUR46GWI7fdOs00VKZ1+9c1EWDaDMvjQc6tUwuFyIprgGgTcWoVHSKrU8H31ZHA2e0RHA==}
    engines: {node: '>=10'}

  secure-json-parse@4.1.0:
    resolution: {integrity: sha512-l4KnYfEyqYJxDwlNVyRfO2E4NTHfMKAWdUuA8J0yve2Dz/E/PdBepY03RvyJpssIpRFwJoCD55wA+mEDs6ByWA==}

  sonic-boom@4.2.1:
    resolution: {integrity: sha512-w6AxtubXa2wTXAUsZMMWERrsIRAdrK0Sc+FUytWvYAhBJLyuI4llrMIC1DtlNSdI99EI86KZum2MMq3EAZlF9Q==}

  split2@4.2.0:
    resolution: {integrity: sha512-UcjcJOWknrNkF6PLX83qcHM6KHgVKNkV62Y8a5uYDVv9ydGQVwAHMKqHdJje1VTWpljG0WYpCDhrCdAOYH4TWg==}
    engines: {node: '>= 10.x'}

  strip-json-comments@5.0.3:
    resolution: {integrity: sha512-1tB5mhVo7U+ETBKNf92xT4hrQa3pm0MZ0PQvuDnWgAAGHDsfp4lPSpiS6psrSiet87wyGPh9ft6wmhOMQ0hDiw==}
    engines: {node: '>=14.16'}

  thread-stream@4.0.0:
    resolution: {integrity: sha512-4iMVL6HAINXWf1ZKZjIPcz5wYaOdPhtO8ATvZ+Xqp3BTdaqtAwQkNmKORqcIo5YkQqGXq5cwfswDwMqqQNrpJA==}
    engines: {node: '>=20'}

  typescript@5.9.3:
    resolution: {integrity: sha512-jl1vZzPDinLr9eUt3J/t7V6FgNEw9QjvBPdysz9KfQDD41fQrC2Y4vKQdiaUpFT4bXlb1RHhLpp8wtm6M5TgSw==}
    engines: {node: '>=14.17'}
    hasBin: true

  undici-types@7.16.0:
    resolution: {integrity: sha512-Zz+aZWSj8LE6zoxD+xrjh4VfkIG8Ya6LvYkZqtUQGJPZjYl53ypCaUwWqo7eI0x66KBGeRo+mlBEkMSeSZ38Nw==}

  vscode-jsonrpc@8.2.1:
    resolution: {integrity: sha512-kdjOSJ2lLIn7r1rtrMbbNCHjyMPfRnowdKjBQ+mGq6NAW5QY2bEZC/khaC5OR8svbbjvLEaIXkOq45e2X9BIbQ==}
    engines: {node: '>=14.0.0'}

  wrappy@1.0.2:
    resolution: {integrity: sha512-l4Sp/DRseor9wL6EvV2+TuQn63dMkPjZ/sp9XkghTEbV9KlPS1xUsZ3u7/IQO4wxtcFB4bgpQPRcR3QCvezPcQ==}

  zod@4.3.6:
    resolution: {integrity: sha512-rftlrkhHZOcjDwkGlnUtZZkvaPHCsDATp4pGpuOOMDaTdDDXF91wuVDJoWoPsKX/3YPQ5fHuF3STjcYyKr+Qhg==}

snapshots:

  '@biomejs/biome@2.4.7':
    optionalDependencies:
      '@biomejs/cli-darwin-arm64': 2.4.7
      '@biomejs/cli-darwin-x64': 2.4.7
      '@biomejs/cli-linux-arm64': 2.4.7
      '@biomejs/cli-linux-arm64-musl': 2.4.7
      '@biomejs/cli-linux-x64': 2.4.7
      '@biomejs/cli-linux-x64-musl': 2.4.7
      '@biomejs/cli-win32-arm64': 2.4.7
      '@biomejs/cli-win32-x64': 2.4.7

  '@biomejs/cli-darwin-arm64@2.4.7':
    optional: true

  '@biomejs/cli-darwin-x64@2.4.7':
    optional: true

  '@biomejs/cli-linux-arm64-musl@2.4.7':
    optional: true

  '@biomejs/cli-linux-arm64@2.4.7':
    optional: true

  '@biomejs/cli-linux-x64-musl@2.4.7':
    optional: true

  '@biomejs/cli-linux-x64@2.4.7':
    optional: true

  '@biomejs/cli-win32-arm64@2.4.7':
    optional: true

  '@biomejs/cli-win32-x64@2.4.7':
    optional: true

  '@github/copilot-darwin-arm64@1.0.5':
    optional: true

  '@github/copilot-darwin-x64@1.0.5':
    optional: true

  '@github/copilot-linux-arm64@1.0.5':
    optional: true

  '@github/copilot-linux-x64@1.0.5':
    optional: true

  '@github/copilot-sdk@0.1.32(patch_hash=fda37620d052aa4a96436b0f7fd4964ce7d4826142f09352daf1a2e59226e6e3)':
    dependencies:
      '@github/copilot': 1.0.5
      vscode-jsonrpc: 8.2.1
      zod: 4.3.6

  '@github/copilot-win32-arm64@1.0.5':
    optional: true

  '@github/copilot-win32-x64@1.0.5':
    optional: true

  '@github/copilot@1.0.5':
    optionalDependencies:
      '@github/copilot-darwin-arm64': 1.0.5
      '@github/copilot-darwin-x64': 1.0.5
      '@github/copilot-linux-arm64': 1.0.5
      '@github/copilot-linux-x64': 1.0.5
      '@github/copilot-win32-arm64': 1.0.5
      '@github/copilot-win32-x64': 1.0.5

  '@pinojs/redact@0.4.0': {}

  '@types/node@24.12.0':
    dependencies:
      undici-types: 7.16.0

  atomic-sleep@1.0.0: {}

  colorette@2.0.20: {}

  dateformat@4.6.3: {}

  end-of-stream@1.4.5:
    dependencies:
      once: 1.4.0

  fast-copy@4.0.2: {}

  fast-safe-stringify@2.1.1: {}

  help-me@5.0.0: {}

  joycon@3.1.1: {}

  minimist@1.2.8: {}

  on-exit-leak-free@2.1.2: {}

  once@1.4.0:
    dependencies:
      wrappy: 1.0.2

  pino-abstract-transport@3.0.0:
    dependencies:
      split2: 4.2.0

  pino-pretty@13.1.3:
    dependencies:
      colorette: 2.0.20
      dateformat: 4.6.3
      fast-copy: 4.0.2
      fast-safe-stringify: 2.1.1
      help-me: 5.0.0
      joycon: 3.1.1
      minimist: 1.2.8
      on-exit-leak-free: 2.1.2
      pino-abstract-transport: 3.0.0
      pump: 3.0.4
      secure-json-parse: 4.1.0
      sonic-boom: 4.2.1
      strip-json-comments: 5.0.3

  pino-std-serializers@7.1.0: {}

  pino@10.3.1:
    dependencies:
      '@pinojs/redact': 0.4.0
      atomic-sleep: 1.0.0
      on-exit-leak-free: 2.1.2
      pino-abstract-transport: 3.0.0
      pino-std-serializers: 7.1.0
      process-warning: 5.0.0
      quick-format-unescaped: 4.0.4
      real-require: 0.2.0
      safe-stable-stringify: 2.5.0
      sonic-boom: 4.2.1
      thread-stream: 4.0.0

  process-warning@5.0.0: {}

  pump@3.0.4:
    dependencies:
      end-of-stream: 1.4.5
      once: 1.4.0

  quick-format-unescaped@4.0.4: {}

  real-require@0.2.0: {}

  safe-stable-stringify@2.5.0: {}

  secure-json-parse@4.1.0: {}

  sonic-boom@4.2.1:
    dependencies:
      atomic-sleep: 1.0.0

  split2@4.2.0: {}

  strip-json-comments@5.0.3: {}

  thread-stream@4.0.0:
    dependencies:
      real-require: 0.2.0

  typescript@5.9.3: {}

  undici-types@7.16.0: {}

  vscode-jsonrpc@8.2.1: {}

  wrappy@1.0.2: {}

  zod@4.3.6: {}
